
Microsoft Visual Studio Solution File, Format Version 12.00
# Visual Studio Version 17
VisualStudioVersion = 17.8.34330.188
MinimumVisualStudioVersion = 10.0.40219.1
Project("{9A19103F-16F7-4668-BE54-9A1E7A4F7556}") = "Ground.Extensions.MessageBus.MessageInbox", "Ground.Extensions.MessageBus.MessageInbox\Ground.Extensions.MessageBus.MessageInbox.csproj", "{85A55834-2B11-4B60-921A-AA5F7D0EBBD6}"
EndProject
Project("{9A19103F-16F7-4668-BE54-9A1E7A4F7556}") = "Ground.Extensions.MessageBus.MessageInbox.Dal.Dapper", "Ground.Extensions.MessageBus.MessageInbox.Dal.Dapper\Ground.Extensions.MessageBus.MessageInbox.Dal.Dapper.csproj", "{B937E266-F6E5-4D93-9D7D-6D34A85ED1FD}"
EndProject
Project("{9A19103F-16F7-4668-BE54-9A1E7A4F7556}") = "Ground.Extensions.MessageBus.MessageInbox.Sample", "Zamin.Extensions.MessageBus.MessageInbox.Sample\Ground.Extensions.MessageBus.MessageInbox.Sample.csproj", "{1BBF77A6-59DC-4B4B-8A1F-652E2644B0D2}"
EndProject
Project("{FAE04EC0-301F-11D3-BF4B-00C04F79EFBC}") = "Ground.Core.Contracts", "..\..\..\src\2.Core\Ground.Core.Contracts\Ground.Core.Contracts.csproj", "{BB85188B-6964-0923-A99D-7C2242D12F11}"
EndProject
Project("{FAE04EC0-301F-11D3-BF4B-00C04F79EFBC}") = "Ground.Core.RequestResponse", "..\..\..\src\2.Core\Ground.Core.RequestResponse\Ground.Core.RequestResponse.csproj", "{D60966E7-E6F1-B2B8-ED4F-3772D1758719}"
EndProject
Project("{FAE04EC0-301F-11D3-BF4B-00C04F79EFBC}") = "Ground.Extensions.MessageBus.Abstractions", "..\..\Ground.Extensions.Abstractions\Ground.Extensions.MessageBus.Abstractions\Ground.Extensions.MessageBus.Abstractions.csproj", "{8B613880-6C60-CBC3-CD06-C91D3B320698}"
EndProject
Project("{FAE04EC0-301F-11D3-BF4B-00C04F79EFBC}") = "Ground.Extensions.Serializers.Abstractions", "..\..\Ground.Extensions.Abstractions\Ground.Extensions.Serializers.Abstractions\Ground.Extensions.Serializers.Abstractions.csproj", "{D1532808-4FAB-E891-13F9-AD9623991CAF}"
EndProject
Project("{FAE04EC0-301F-11D3-BF4B-00C04F79EFBC}") = "Ground.Core.Domain", "..\..\..\src\2.Core\Ground.Core.Domain\Ground.Core.Domain.csproj", "{5EEFF0CF-64F4-F74C-7469-70AA249D3F59}"
EndProject
Project("{FAE04EC0-301F-11D3-BF4B-00C04F79EFBC}") = "Ground.Extensions.MessageBus.RabbitMQ", "..\Ground.Extensions.MessageBus.RabbitMQ\Ground.Extensions.MessageBus.RabbitMQ\Ground.Extensions.MessageBus.RabbitMQ.csproj", "{2D8D09AE-CA91-2B50-C721-EC120289ACDF}"
EndProject
Project("{FAE04EC0-301F-11D3-BF4B-00C04F79EFBC}") = "Ground.Extensions.Serializers.NewtonSoft", "..\..\Serializers\Ground.Extensions.Serializers.NewtonSoft\Ground.Extensions.Serializers.NewtonSoft\Ground.Extensions.Serializers.NewtonSoft.csproj", "{7EE039DA-8ACD-61B1-49D1-AC1D3A6AC621}"
EndProject
Global
	GlobalSection(SolutionConfigurationPlatforms) = preSolution
		Debug|Any CPU = Debug|Any CPU
		Release|Any CPU = Release|Any CPU
	EndGlobalSection
	GlobalSection(ProjectConfigurationPlatforms) = postSolution
		{85A55834-2B11-4B60-921A-AA5F7D0EBBD6}.Debug|Any CPU.ActiveCfg = Debug|Any CPU
		{85A55834-2B11-4B60-921A-AA5F7D0EBBD6}.Debug|Any CPU.Build.0 = Debug|Any CPU
		{85A55834-2B11-4B60-921A-AA5F7D0EBBD6}.Release|Any CPU.ActiveCfg = Release|Any CPU
		{85A55834-2B11-4B60-921A-AA5F7D0EBBD6}.Release|Any CPU.Build.0 = Release|Any CPU
		{B937E266-F6E5-4D93-9D7D-6D34A85ED1FD}.Debug|Any CPU.ActiveCfg = Debug|Any CPU
		{B937E266-F6E5-4D93-9D7D-6D34A85ED1FD}.Debug|Any CPU.Build.0 = Debug|Any CPU
		{B937E266-F6E5-4D93-9D7D-6D34A85ED1FD}.Release|Any CPU.ActiveCfg = Release|Any CPU
		{B937E266-F6E5-4D93-9D7D-6D34A85ED1FD}.Release|Any CPU.Build.0 = Release|Any CPU
		{1BBF77A6-59DC-4B4B-8A1F-652E2644B0D2}.Debug|Any CPU.ActiveCfg = Debug|Any CPU
		{1BBF77A6-59DC-4B4B-8A1F-652E2644B0D2}.Debug|Any CPU.Build.0 = Debug|Any CPU
		{1BBF77A6-59DC-4B4B-8A1F-652E2644B0D2}.Release|Any CPU.ActiveCfg = Release|Any CPU
		{1BBF77A6-59DC-4B4B-8A1F-652E2644B0D2}.Release|Any CPU.Build.0 = Release|Any CPU
		{BB85188B-6964-0923-A99D-7C2242D12F11}.Debug|Any CPU.ActiveCfg = Debug|Any CPU
		{BB85188B-6964-0923-A99D-7C2242D12F11}.Debug|Any CPU.Build.0 = Debug|Any CPU
		{BB85188B-6964-0923-A99D-7C2242D12F11}.Release|Any CPU.ActiveCfg = Release|Any CPU
		{BB85188B-6964-0923-A99D-7C2242D12F11}.Release|Any CPU.Build.0 = Release|Any CPU
		{D60966E7-E6F1-B2B8-ED4F-3772D1758719}.Debug|Any CPU.ActiveCfg = Debug|Any CPU
		{D60966E7-E6F1-B2B8-ED4F-3772D1758719}.Debug|Any CPU.Build.0 = Debug|Any CPU
		{D60966E7-E6F1-B2B8-ED4F-3772D1758719}.Release|Any CPU.ActiveCfg = Release|Any CPU
		{D60966E7-E6F1-B2B8-ED4F-3772D1758719}.Release|Any CPU.Build.0 = Release|Any CPU
		{8B613880-6C60-CBC3-CD06-C91D3B320698}.Debug|Any CPU.ActiveCfg = Debug|Any CPU
		{8B613880-6C60-CBC3-CD06-C91D3B320698}.Debug|Any CPU.Build.0 = Debug|Any CPU
		{8B613880-6C60-CBC3-CD06-C91D3B320698}.Release|Any CPU.ActiveCfg = Release|Any CPU
		{8B613880-6C60-CBC3-CD06-C91D3B320698}.Release|Any CPU.Build.0 = Release|Any CPU
		{D1532808-4FAB-E891-13F9-AD9623991CAF}.Debug|Any CPU.ActiveCfg = Debug|Any CPU
		{D1532808-4FAB-E891-13F9-AD9623991CAF}.Debug|Any CPU.Build.0 = Debug|Any CPU
		{D1532808-4FAB-E891-13F9-AD9623991CAF}.Release|Any CPU.ActiveCfg = Release|Any CPU
		{D1532808-4FAB-E891-13F9-AD9623991CAF}.Release|Any CPU.Build.0 = Release|Any CPU
		{5EEFF0CF-64F4-F74C-7469-70AA249D3F59}.Debug|Any CPU.ActiveCfg = Debug|Any CPU
		{5EEFF0CF-64F4-F74C-7469-70AA249D3F59}.Debug|Any CPU.Build.0 = Debug|Any CPU
		{5EEFF0CF-64F4-F74C-7469-70AA249D3F59}.Release|Any CPU.ActiveCfg = Release|Any CPU
		{5EEFF0CF-64F4-F74C-7469-70AA249D3F59}.Release|Any CPU.Build.0 = Release|Any CPU
		{2D8D09AE-CA91-2B50-C721-EC120289ACDF}.Debug|Any CPU.ActiveCfg = Debug|Any CPU
		{2D8D09AE-CA91-2B50-C721-EC120289ACDF}.Debug|Any CPU.Build.0 = Debug|Any CPU
		{2D8D09AE-CA91-2B50-C721-EC120289ACDF}.Release|Any CPU.ActiveCfg = Release|Any CPU
		{2D8D09AE-CA91-2B50-C721-EC120289ACDF}.Release|Any CPU.Build.0 = Release|Any CPU
		{7EE039DA-8ACD-61B1-49D1-AC1D3A6AC621}.Debug|Any CPU.ActiveCfg = Debug|Any CPU
		{7EE039DA-8ACD-61B1-49D1-AC1D3A6AC621}.Debug|Any CPU.Build.0 = Debug|Any CPU
		{7EE039DA-8ACD-61B1-49D1-AC1D3A6AC621}.Release|Any CPU.ActiveCfg = Release|Any CPU
		{7EE039DA-8ACD-61B1-49D1-AC1D3A6AC621}.Release|Any CPU.Build.0 = Release|Any CPU
	EndGlobalSection
	GlobalSection(SolutionProperties) = preSolution
		HideSolutionNode = FALSE
	EndGlobalSection
	GlobalSection(ExtensibilityGlobals) = postSolution
		SolutionGuid = {61F8781C-6F71-437D-996D-6D93F309DAC3}
	EndGlobalSection
EndGlobal
